
Microsoft Visual Studio Solution File, Format Version 12.00
# Visual Studio Version 17
VisualStudioVersion = 17.6.33829.357
MinimumVisualStudioVersion = 10.0.40219.1
Project("{FAE04EC0-301F-11D3-BF4B-00C04F79EFBC}") = "ElasticSearchWork.API", "ElasticSearchWork\ElasticSearchWork.API.csproj", "{B055539D-195B-443C-9B0B-B49F9F19655A}"
EndProject
Global
	GlobalSection(SolutionConfigurationPlatforms) = preSolution
		Debug|Any CPU = Debug|Any CPU
		Release|Any CPU = Release|Any CPU
	EndGlobalSection
	GlobalSection(ProjectConfigurationPlatforms) = postSolution
		{B055539D-195B-443C-9B0B-B49F9F19655A}.Debug|Any CPU.ActiveCfg = Debug|Any CPU
		{B055539D-195B-443C-9B0B-B49F9F19655A}.Debug|Any CPU.Build.0 = Debug|Any CPU
		{B055539D-195B-443C-9B0B-B49F9F19655A}.Release|Any CPU.ActiveCfg = Release|Any CPU
		{B055539D-195B-443C-9B0B-B49F9F19655A}.Release|Any CPU.Build.0 = Release|Any CPU
	EndGlobalSection
	GlobalSection(SolutionProperties) = preSolution
		HideSolutionNode = FALSE
	EndGlobalSection
	GlobalSection(ExtensibilityGlobals) = postSolution
		SolutionGuid = {EE48793C-FC56-4DF6-8641-8C55C2A6F5C8}
	EndGlobalSection
EndGlobal
